
Microsoft Visual Studio Solution File, Format Version 12.00
# Visual Studio Version 17
VisualStudioVersion = 17.9.34616.47
MinimumVisualStudioVersion = 10.0.40219.1
Project("{FAE04EC0-301F-11D3-BF4B-00C04F79EFBC}") = "Talyer", "Talyer\Talyer.csproj", "{EE125A86-DD3B-40BD-8EE0-61BB308E5029}"
EndProject
Global
	GlobalSection(SolutionConfigurationPlatforms) = preSolution
		Debug|Any CPU = Debug|Any CPU
		Release|Any CPU = Release|Any CPU
	EndGlobalSection
	GlobalSection(ProjectConfigurationPlatforms) = postSolution
		{EE125A86-DD3B-40BD-8EE0-61BB308E5029}.Debug|Any CPU.ActiveCfg = Debug|Any CPU
		{EE125A86-DD3B-40BD-8EE0-61BB308E5029}.Debug|Any CPU.Build.0 = Debug|Any CPU
		{EE125A86-DD3B-40BD-8EE0-61BB308E5029}.Release|Any CPU.ActiveCfg = Release|Any CPU
		{EE125A86-DD3B-40BD-8EE0-61BB308E5029}.Release|Any CPU.Build.0 = Release|Any CPU
	EndGlobalSection
	GlobalSection(SolutionProperties) = preSolution
		HideSolutionNode = FALSE
	EndGlobalSection
	GlobalSection(ExtensibilityGlobals) = postSolution
		SolutionGuid = {0A8ACCC2-11B0-4543-AE77-53AECC3085EB}
	EndGlobalSection
EndGlobal
